
Microsoft Visual Studio Solution File, Format Version 12.00
# Visual Studio 15
VisualStudioVersion = 15.0.27703.2018
MinimumVisualStudioVersion = 10.0.40219.1
Project("{FAE04EC0-301F-11D3-BF4B-00C04F79EFBC}") = "Flooring.UI", "Flooring\Flooring.UI.csproj", "{CF2487B9-095D-40E1-B96A-2C6990200136}"
EndProject
Project("{FAE04EC0-301F-11D3-BF4B-00C04F79EFBC}") = "Flooring.Models", "Flooring.Models\Flooring.Models.csproj", "{9AC68371-9157-461F-8CE9-6593B31E97CF}"
EndProject
Project("{FAE04EC0-301F-11D3-BF4B-00C04F79EFBC}") = "Flooring.BLL", "Flooring.BLL\Flooring.BLL.csproj", "{66EA700B-BA11-4CA9-B567-45CAF67EF74F}"
EndProject
Project("{FAE04EC0-301F-11D3-BF4B-00C04F79EFBC}") = "Flooring.Data", "Flooring.Data\Flooring.Data.csproj", "{DA3B3134-8A0A-4D84-AE8B-4E83D48398FE}"
EndProject
Project("{FAE04EC0-301F-11D3-BF4B-00C04F79EFBC}") = "Flooring.Tests", "Flooring.Tests\Flooring.Tests.csproj", "{7BCBB66E-2C69-47D5-A5D3-C210DCC8F611}"
EndProject
Global
	GlobalSection(SolutionConfigurationPlatforms) = preSolution
		Debug|Any CPU = Debug|Any CPU
		Release|Any CPU = Release|Any CPU
	EndGlobalSection
	GlobalSection(ProjectConfigurationPlatforms) = postSolution
		{CF2487B9-095D-40E1-B96A-2C6990200136}.Debug|Any CPU.ActiveCfg = Debug|Any CPU
		{CF2487B9-095D-40E1-B96A-2C6990200136}.Debug|Any CPU.Build.0 = Debug|Any CPU
		{CF2487B9-095D-40E1-B96A-2C6990200136}.Release|Any CPU.ActiveCfg = Release|Any CPU
		{CF2487B9-095D-40E1-B96A-2C6990200136}.Release|Any CPU.Build.0 = Release|Any CPU
		{9AC68371-9157-461F-8CE9-6593B31E97CF}.Debug|Any CPU.ActiveCfg = Debug|Any CPU
		{9AC68371-9157-461F-8CE9-6593B31E97CF}.Debug|Any CPU.Build.0 = Debug|Any CPU
		{9AC68371-9157-461F-8CE9-6593B31E97CF}.Release|Any CPU.ActiveCfg = Release|Any CPU
		{9AC68371-9157-461F-8CE9-6593B31E97CF}.Release|Any CPU.Build.0 = Release|Any CPU
		{66EA700B-BA11-4CA9-B567-45CAF67EF74F}.Debug|Any CPU.ActiveCfg = Debug|Any CPU
		{66EA700B-BA11-4CA9-B567-45CAF67EF74F}.Debug|Any CPU.Build.0 = Debug|Any CPU
		{66EA700B-BA11-4CA9-B567-45CAF67EF74F}.Release|Any CPU.ActiveCfg = Release|Any CPU
		{66EA700B-BA11-4CA9-B567-45CAF67EF74F}.Release|Any CPU.Build.0 = Release|Any CPU
		{DA3B3134-8A0A-4D84-AE8B-4E83D48398FE}.Debug|Any CPU.ActiveCfg = Debug|Any CPU
		{DA3B3134-8A0A-4D84-AE8B-4E83D48398FE}.Debug|Any CPU.Build.0 = Debug|Any CPU
		{DA3B3134-8A0A-4D84-AE8B-4E83D48398FE}.Release|Any CPU.ActiveCfg = Release|Any CPU
		{DA3B3134-8A0A-4D84-AE8B-4E83D48398FE}.Release|Any CPU.Build.0 = Release|Any CPU
		{7BCBB66E-2C69-47D5-A5D3-C210DCC8F611}.Debug|Any CPU.ActiveCfg = Debug|Any CPU
		{7BCBB66E-2C69-47D5-A5D3-C210DCC8F611}.Debug|Any CPU.Build.0 = Debug|Any CPU
		{7BCBB66E-2C69-47D5-A5D3-C210DCC8F611}.Release|Any CPU.ActiveCfg = Release|Any CPU
		{7BCBB66E-2C69-47D5-A5D3-C210DCC8F611}.Release|Any CPU.Build.0 = Release|Any CPU
	EndGlobalSection
	GlobalSection(SolutionProperties) = preSolution
		HideSolutionNode = FALSE
	EndGlobalSection
	GlobalSection(ExtensibilityGlobals) = postSolution
		SolutionGuid = {EC34A95F-1F4F-4887-A09E-8305074D8E49}
	EndGlobalSection
EndGlobal
